// !$*UTF8*$!
{
	archiveVersion = 1;
	classes = {
	};
	objectVersion = 56;
	objects = {

/* Begin PBXBuildFile section */
		0237FE4A345C7CFDA795A9D7 /* Pods_Facia_Sample_Project.framework in Frameworks */ = {isa = PBXBuildFile; fileRef = B10FE99588B9D61ECB6F0E9F /* Pods_Facia_Sample_Project.framework */; };
		453868772AD042AA009006DB /* Facia.framework in Frameworks */ = {isa = PBXBuildFile; fileRef = 453868762AD042AA009006DB /* Facia.framework */; };
		453868782AD042AA009006DB /* Facia.framework in Embed Frameworks */ = {isa = PBXBuildFile; fileRef = 453868762AD042AA009006DB /* Facia.framework */; settings = {ATTRIBUTES = (CodeSignOnCopy, RemoveHeadersOnCopy, ); }; };
		457823732AD01A30003A9914 /* AppDelegate.swift in Sources */ = {isa = PBXBuildFile; fileRef = 457823722AD01A30003A9914 /* AppDelegate.swift */; };
		457823752AD01A30003A9914 /* SceneDelegate.swift in Sources */ = {isa = PBXBuildFile; fileRef = 457823742AD01A30003A9914 /* SceneDelegate.swift */; };
		457823772AD01A30003A9914 /* ViewController.swift in Sources */ = {isa = PBXBuildFile; fileRef = 457823762AD01A30003A9914 /* ViewController.swift */; };
		4578237A2AD01A30003A9914 /* Main.storyboard in Resources */ = {isa = PBXBuildFile; fileRef = 457823782AD01A30003A9914 /* Main.storyboard */; };
		4578237C2AD01A33003A9914 /* Assets.xcassets in Resources */ = {isa = PBXBuildFile; fileRef = 4578237B2AD01A33003A9914 /* Assets.xcassets */; };
		4578237F2AD01A33003A9914 /* LaunchScreen.storyboard in Resources */ = {isa = PBXBuildFile; fileRef = 4578237D2AD01A33003A9914 /* LaunchScreen.storyboard */; };
/* End PBXBuildFile section */

/* Begin PBXCopyFilesBuildPhase section */
		4538686F2AD03F69009006DB /* Embed Frameworks */ = {
			isa = PBXCopyFilesBuildPhase;
			buildActionMask = 2147483647;
			dstPath = "";
			dstSubfolderSpec = 10;
			files = (
				453868782AD042AA009006DB /* Facia.framework in Embed Frameworks */,
			);
			name = "Embed Frameworks";
			runOnlyForDeploymentPostprocessing = 0;
		};
/* End PBXCopyFilesBuildPhase section */

/* Begin PBXFileReference section */
		453868762AD042AA009006DB /* Facia.framework */ = {isa = PBXFileReference; lastKnownFileType = wrapper.framework; path = Facia.framework; sourceTree = "<group>"; };
		4578236F2AD01A30003A9914 /* Facia_Sample_Project.app */ = {isa = PBXFileReference; explicitFileType = wrapper.application; includeInIndex = 0; path = Facia_Sample_Project.app; sourceTree = BUILT_PRODUCTS_DIR; };
		457823722AD01A30003A9914 /* AppDelegate.swift */ = {isa = PBXFileReference; lastKnownFileType = sourcecode.swift; path = AppDelegate.swift; sourceTree = "<group>"; };
		457823742AD01A30003A9914 /* SceneDelegate.swift */ = {isa = PBXFileReference; lastKnownFileType = sourcecode.swift; path = SceneDelegate.swift; sourceTree = "<group>"; };
		457823762AD01A30003A9914 /* ViewController.swift */ = {isa = PBXFileReference; lastKnownFileType = sourcecode.swift; path = ViewController.swift; sourceTree = "<group>"; };
		457823792AD01A30003A9914 /* Base */ = {isa = PBXFileReference; lastKnownFileType = file.storyboard; name = Base; path = Base.lproj/Main.storyboard; sourceTree = "<group>"; };
		4578237B2AD01A33003A9914 /* Assets.xcassets */ = {isa = PBXFileReference; lastKnownFileType = folder.assetcatalog; path = Assets.xcassets; sourceTree = "<group>"; };
		4578237E2AD01A33003A9914 /* Base */ = {isa = PBXFileReference; lastKnownFileType = file.storyboard; name = Base; path = Base.lproj/LaunchScreen.storyboard; sourceTree = "<group>"; };
		457823802AD01A33003A9914 /* Info.plist */ = {isa = PBXFileReference; lastKnownFileType = text.plist.xml; path = Info.plist; sourceTree = "<group>"; };
		8B04C786FC2D7501CEFB3484 /* Pods-Facia_Sample_Project.debug.xcconfig */ = {isa = PBXFileReference; includeInIndex = 1; lastKnownFileType = text.xcconfig; name = "Pods-Facia_Sample_Project.debug.xcconfig"; path = "Target Support Files/Pods-Facia_Sample_Project/Pods-Facia_Sample_Project.debug.xcconfig"; sourceTree = "<group>"; };
		B10FE99588B9D61ECB6F0E9F /* Pods_Facia_Sample_Project.framework */ = {isa = PBXFileReference; explicitFileType = wrapper.framework; includeInIndex = 0; path = Pods_Facia_Sample_Project.framework; sourceTree = BUILT_PRODUCTS_DIR; };
		E51A870B0BD2E07C50DA2C93 /* Pods-Facia_Sample_Project.release.xcconfig */ = {isa = PBXFileReference; includeInIndex = 1; lastKnownFileType = text.xcconfig; name = "Pods-Facia_Sample_Project.release.xcconfig"; path = "Target Support Files/Pods-Facia_Sample_Project/Pods-Facia_Sample_Project.release.xcconfig"; sourceTree = "<group>"; };
/* End PBXFileReference section */

/* Begin PBXFrameworksBuildPhase section */
		4578236C2AD01A30003A9914 /* Frameworks */ = {
			isa = PBXFrameworksBuildPhase;
			buildActionMask = 2147483647;
			files = (
				0237FE4A345C7CFDA795A9D7 /* Pods_Facia_Sample_Project.framework in Frameworks */,
				453868772AD042AA009006DB /* Facia.framework in Frameworks */,
			);
			runOnlyForDeploymentPostprocessing = 0;
		};
/* End PBXFrameworksBuildPhase section */

/* Begin PBXGroup section */
		00D4682F6E4095CA7DFE50DF /* Frameworks */ = {
			isa = PBXGroup;
			children = (
				453868762AD042AA009006DB /* Facia.framework */,
				B10FE99588B9D61ECB6F0E9F /* Pods_Facia_Sample_Project.framework */,
			);
			name = Frameworks;
			sourceTree = "<group>";
		};
		457823662AD01A30003A9914 = {
			isa = PBXGroup;
			children = (
				457823712AD01A30003A9914 /* Facia_Sample_Project */,
				457823702AD01A30003A9914 /* Products */,
				4A83E0A86671827FFB929B51 /* Pods */,
				00D4682F6E4095CA7DFE50DF /* Frameworks */,
			);
			sourceTree = "<group>";
		};
		457823702AD01A30003A9914 /* Products */ = {
			isa = PBXGroup;
			children = (
				4578236F2AD01A30003A9914 /* Facia_Sample_Project.app */,
			);
			name = Products;
			sourceTree = "<group>";
		};
		457823712AD01A30003A9914 /* Facia_Sample_Project */ = {
			isa = PBXGroup;
			children = (
				457823722AD01A30003A9914 /* AppDelegate.swift */,
				457823742AD01A30003A9914 /* SceneDelegate.swift */,
				457823762AD01A30003A9914 /* ViewController.swift */,
				457823782AD01A30003A9914 /* Main.storyboard */,
				4578237B2AD01A33003A9914 /* Assets.xcassets */,
				4578237D2AD01A33003A9914 /* LaunchScreen.storyboard */,
				457823802AD01A33003A9914 /* Info.plist */,
			);
			path = Facia_Sample_Project;
			sourceTree = "<group>";
		};
		4A83E0A86671827FFB929B51 /* Pods */ = {
			isa = PBXGroup;
			children = (
				8B04C786FC2D7501CEFB3484 /* Pods-Facia_Sample_Project.debug.xcconfig */,
				E51A870B0BD2E07C50DA2C93 /* Pods-Facia_Sample_Project.release.xcconfig */,
			);
			path = Pods;
			sourceTree = "<group>";
		};
/* End PBXGroup section */

/* Begin PBXNativeTarget section */
		4578236E2AD01A30003A9914 /* Facia_Sample_Project */ = {
			isa = PBXNativeTarget;
			buildConfigurationList = 457823832AD01A33003A9914 /* Build configuration list for PBXNativeTarget "Facia_Sample_Project" */;
			buildPhases = (
				A3BA527EC96F8EBEB9B564EF /* [CP] Check Pods Manifest.lock */,
				4578236B2AD01A30003A9914 /* Sources */,
				4578236C2AD01A30003A9914 /* Frameworks */,
				4578236D2AD01A30003A9914 /* Resources */,
				410502833963E1B558F031FF /* [CP] Embed Pods Frameworks */,
				4538686F2AD03F69009006DB /* Embed Frameworks */,
			);
			buildRules = (
			);
			dependencies = (
			);
			name = Facia_Sample_Project;
			productName = Facia_Sample_Project;
			productReference = 4578236F2AD01A30003A9914 /* Facia_Sample_Project.app */;
			productType = "com.apple.product-type.application";
		};
/* End PBXNativeTarget section */

/* Begin PBXProject section */
		457823672AD01A30003A9914 /* Project object */ = {
			isa = PBXProject;
			attributes = {
				BuildIndependentTargetsInParallel = 1;
				LastSwiftUpdateCheck = 1430;
				LastUpgradeCheck = 1430;
				TargetAttributes = {
					4578236E2AD01A30003A9914 = {
						CreatedOnToolsVersion = 14.3.1;
					};
				};
			};
			buildConfigurationList = 4578236A2AD01A30003A9914 /* Build configuration list for PBXProject "Facia_Sample_Project" */;
			compatibilityVersion = "Xcode 14.0";
			developmentRegion = en;
			hasScannedForEncodings = 0;
			knownRegions = (
				en,
				Base,
			);
			mainGroup = 457823662AD01A30003A9914;
			productRefGroup = 457823702AD01A30003A9914 /* Products */;
			projectDirPath = "";
			projectRoot = "";
			targets = (
				4578236E2AD01A30003A9914 /* Facia_Sample_Project */,
			);
		};
/* End PBXProject section */

/* Begin PBXResourcesBuildPhase section */
		4578236D2AD01A30003A9914 /* Resources */ = {
			isa = PBXResourcesBuildPhase;
			buildActionMask = 2147483647;
			files = (
				4578237F2AD01A33003A9914 /* LaunchScreen.storyboard in Resources */,
				4578237C2AD01A33003A9914 /* Assets.xcassets in Resources */,
				4578237A2AD01A30003A9914 /* Main.storyboard in Resources */,
			);
			runOnlyForDeploymentPostprocessing = 0;
		};
/* End PBXResourcesBuildPhase section */

/* Begin PBXShellScriptBuildPhase section */
		410502833963E1B558F031FF /* [CP] Embed Pods Frameworks */ = {
			isa = PBXShellScriptBuildPhase;
			buildActionMask = 2147483647;
			files = (
			);
			inputFileListPaths = (
				"${PODS_ROOT}/Target Support Files/Pods-Facia_Sample_Project/Pods-Facia_Sample_Project-frameworks-${CONFIGURATION}-input-files.xcfilelist",
			);
			name = "[CP] Embed Pods Frameworks";
			outputFileListPaths = (
				"${PODS_ROOT}/Target Support Files/Pods-Facia_Sample_Project/Pods-Facia_Sample_Project-frameworks-${CONFIGURATION}-output-files.xcfilelist",
			);
			runOnlyForDeploymentPostprocessing = 0;
			shellPath = /bin/sh;
			shellScript = "\"${PODS_ROOT}/Target Support Files/Pods-Facia_Sample_Project/Pods-Facia_Sample_Project-frameworks.sh\"\n";
			showEnvVarsInLog = 0;
		};
		A3BA527EC96F8EBEB9B564EF /* [CP] Check Pods Manifest.lock */ = {
			isa = PBXShellScriptBuildPhase;
			buildActionMask = 2147483647;
			files = (
			);
			inputFileListPaths = (
			);
			inputPaths = (
				"${PODS_PODFILE_DIR_PATH}/Podfile.lock",
				"${PODS_ROOT}/Manifest.lock",
			);
			name = "[CP] Check Pods Manifest.lock";
			outputFileListPaths = (
			);
			outputPaths = (
				"$(DERIVED_FILE_DIR)/Pods-Facia_Sample_Project-checkManifestLockResult.txt",
			);
			runOnlyForDeploymentPostprocessing = 0;
			shellPath = /bin/sh;
			shellScript = "diff \"${PODS_PODFILE_DIR_PATH}/Podfile.lock\" \"${PODS_ROOT}/Manifest.lock\" > /dev/null\nif [ $? != 0 ] ; then\n    # print error to STDERR\n    echo \"error: The sandbox is not in sync with the Podfile.lock. Run 'pod install' or update your CocoaPods installation.\" >&2\n    exit 1\nfi\n# This output is used by Xcode 'outputs' to avoid re-running this script phase.\necho \"SUCCESS\" > \"${SCRIPT_OUTPUT_FILE_0}\"\n";
			showEnvVarsInLog = 0;
		};
/* End PBXShellScriptBuildPhase section */

/* Begin PBXSourcesBuildPhase section */
		4578236B2AD01A30003A9914 /* Sources */ = {
			isa = PBXSourcesBuildPhase;
			buildActionMask = 2147483647;
			files = (
				457823772AD01A30003A9914 /* ViewController.swift in Sources */,
				457823732AD01A30003A9914 /* AppDelegate.swift in Sources */,
				457823752AD01A30003A9914 /* SceneDelegate.swift in Sources */,
			);
			runOnlyForDeploymentPostprocessing = 0;
		};
/* End PBXSourcesBuildPhase section */

/* Begin PBXVariantGroup section */
		457823782AD01A30003A9914 /* Main.storyboard */ = {
			isa = PBXVariantGroup;
			children = (
				457823792AD01A30003A9914 /* Base */,
			);
			name = Main.storyboard;
			sourceTree = "<group>";
		};
		4578237D2AD01A33003A9914 /* LaunchScreen.storyboard */ = {
			isa = PBXVariantGroup;
			children = (
				4578237E2AD01A33003A9914 /* Base */,
			);
			name = LaunchScreen.storyboard;
			sourceTree = "<group>";
		};
/* End PBXVariantGroup section */

/* Begin XCBuildConfiguration section */
		457823812AD01A33003A9914 /* Debug */ = {
			isa = XCBuildConfiguration;
			buildSettings = {
				ALWAYS_SEARCH_USER_PATHS = NO;
				CLANG_ANALYZER_NONNULL = YES;
				CLANG_ANALYZER_NUMBER_OBJECT_CONVERSION = YES_AGGRESSIVE;
				CLANG_CXX_LANGUAGE_STANDARD = "gnu++20";
				CLANG_ENABLE_MODULES = YES;
				CLANG_ENABLE_OBJC_ARC = YES;
				CLANG_ENABLE_OBJC_WEAK = YES;
				CLANG_WARN_BLOCK_CAPTURE_AUTORELEASING = YES;
				CLANG_WARN_BOOL_CONVERSION = YES;
				CLANG_WARN_COMMA = YES;
				CLANG_WARN_CONSTANT_CONVERSION = YES;
				CLANG_WARN_DEPRECATED_OBJC_IMPLEMENTATIONS = YES;
				CLANG_WARN_DIRECT_OBJC_ISA_USAGE = YES_ERROR;
				CLANG_WARN_DOCUMENTATION_COMMENTS = YES;
				CLANG_WARN_EMPTY_BODY = YES;
				CLANG_WARN_ENUM_CONVERSION = YES;
				CLANG_WARN_INFINITE_RECURSION = YES;
				CLANG_WARN_INT_CONVERSION = YES;
				CLANG_WARN_NON_LITERAL_NULL_CONVERSION = YES;
				CLANG_WARN_OBJC_IMPLICIT_RETAIN_SELF = YES;
				CLANG_WARN_OBJC_LITERAL_CONVERSION = YES;
				CLANG_WARN_OBJC_ROOT_CLASS = YES_ERROR;
				CLANG_WARN_QUOTED_INCLUDE_IN_FRAMEWORK_HEADER = YES;
				CLANG_WARN_RANGE_LOOP_ANALYSIS = YES;
				CLANG_WARN_STRICT_PROTOTYPES = YES;
				CLANG_WARN_SUSPICIOUS_MOVE = YES;
				CLANG_WARN_UNGUARDED_AVAILABILITY = YES_AGGRESSIVE;
				CLANG_WARN_UNREACHABLE_CODE = YES;
				CLANG_WARN__DUPLICATE_METHOD_MATCH = YES;
				COPY_PHASE_STRIP = NO;
				DEBUG_INFORMATION_FORMAT = dwarf;
				ENABLE_STRICT_OBJC_MSGSEND = YES;
				ENABLE_TESTABILITY = YES;
				GCC_C_LANGUAGE_STANDARD = gnu11;
				GCC_DYNAMIC_NO_PIC = NO;
				GCC_NO_COMMON_BLOCKS = YES;
				GCC_OPTIMIZATION_LEVEL = 0;
				GCC_PREPROCESSOR_DEFINITIONS = (
					"DEBUG=1",
					"$(inherited)",
				);
				GCC_WARN_64_TO_32_BIT_CONVERSION = YES;
				GCC_WARN_ABOUT_RETURN_TYPE = YES_ERROR;
				GCC_WARN_UNDECLARED_SELECTOR = YES;
				GCC_WARN_UNINITIALIZED_AUTOS = YES_AGGRESSIVE;
				GCC_WARN_UNUSED_FUNCTION = YES;
				GCC_WARN_UNUSED_VARIABLE = YES;
				IPHONEOS_DEPLOYMENT_TARGET = 16.4;
				MTL_ENABLE_DEBUG_INFO = INCLUDE_SOURCE;
				MTL_FAST_MATH = YES;
				ONLY_ACTIVE_ARCH = YES;
				SDKROOT = iphoneos;
				SWIFT_ACTIVE_COMPILATION_CONDITIONS = DEBUG;
				SWIFT_OPTIMIZATION_LEVEL = "-Onone";
			};
			name = Debug;
		};
		457823822AD01A33003A9914 /* Release */ = {
			isa = XCBuildConfiguration;
			buildSettings = {
				ALWAYS_SEARCH_USER_PATHS = NO;
				CLANG_ANALYZER_NONNULL = YES;
				CLANG_ANALYZER_NUMBER_OBJECT_CONVERSION = YES_AGGRESSIVE;
				CLANG_CXX_LANGUAGE_STANDARD = "gnu++20";
				CLANG_ENABLE_MODULES = YES;
				CLANG_ENABLE_OBJC_ARC = YES;
				CLANG_ENABLE_OBJC_WEAK = YES;
				CLANG_WARN_BLOCK_CAPTURE_AUTORELEASING = YES;
				CLANG_WARN_BOOL_CONVERSION = YES;
				CLANG_WARN_COMMA = YES;
				CLANG_WARN_CONSTANT_CONVERSION = YES;
				CLANG_WARN_DEPRECATED_OBJC_IMPLEMENTATIONS = YES;
				CLANG_WARN_DIRECT_OBJC_ISA_USAGE = YES_ERROR;
				CLANG_WARN_DOCUMENTATION_COMMENTS = YES;
				CLANG_WARN_EMPTY_BODY = YES;
				CLANG_WARN_ENUM_CONVERSION = YES;
				CLANG_WARN_INFINITE_RECURSION = YES;
				CLANG_WARN_INT_CONVERSION = YES;
				CLANG_WARN_NON_LITERAL_NULL_CONVERSION = YES;
				CLANG_WARN_OBJC_IMPLICIT_RETAIN_SELF = YES;
				CLANG_WARN_OBJC_LITERAL_CONVERSION = YES;
				CLANG_WARN_OBJC_ROOT_CLASS = YES_ERROR;
				CLANG_WARN_QUOTED_INCLUDE_IN_FRAMEWORK_HEADER = YES;
				CLANG_WARN_RANGE_LOOP_ANALYSIS = YES;
				CLANG_WARN_STRICT_PROTOTYPES = YES;
				CLANG_WARN_SUSPICIOUS_MOVE = YES;
				CLANG_WARN_UNGUARDED_AVAILABILITY = YES_AGGRESSIVE;
				CLANG_WARN_UNREACHABLE_CODE = YES;
				CLANG_WARN__DUPLICATE_METHOD_MATCH = YES;
				COPY_PHASE_STRIP = NO;
				DEBUG_INFORMATION_FORMAT = "dwarf-with-dsym";
				ENABLE_NS_ASSERTIONS = NO;
				ENABLE_STRICT_OBJC_MSGSEND = YES;
				GCC_C_LANGUAGE_STANDARD = gnu11;
				GCC_NO_COMMON_BLOCKS = YES;
				GCC_WARN_64_TO_32_BIT_CONVERSION = YES;
				GCC_WARN_ABOUT_RETURN_TYPE = YES_ERROR;
				GCC_WARN_UNDECLARED_SELECTOR = YES;
				GCC_WARN_UNINITIALIZED_AUTOS = YES_AGGRESSIVE;
				GCC_WARN_UNUSED_FUNCTION = YES;
				GCC_WARN_UNUSED_VARIABLE = YES;
				IPHONEOS_DEPLOYMENT_TARGET = 16.4;
				MTL_ENABLE_DEBUG_INFO = NO;
				MTL_FAST_MATH = YES;
				SDKROOT = iphoneos;
				SWIFT_COMPILATION_MODE = wholemodule;
				SWIFT_OPTIMIZATION_LEVEL = "-O";
				VALIDATE_PRODUCT = YES;
			};
			name = Release;
		};
		457823842AD01A33003A9914 /* Debug */ = {
			isa = XCBuildConfiguration;
			baseConfigurationReference = 8B04C786FC2D7501CEFB3484 /* Pods-Facia_Sample_Project.debug.xcconfig */;
			buildSettings = {
				ASSETCATALOG_COMPILER_APPICON_NAME = AppIcon;
				ASSETCATALOG_COMPILER_GLOBAL_ACCENT_COLOR_NAME = AccentColor;
				CODE_SIGN_STYLE = Automatic;
				CURRENT_PROJECT_VERSION = 1;
				DEVELOPMENT_TEAM = 36KGU46R3K;
				FRAMEWORK_SEARCH_PATHS = (
					"$(inherited)",
					"$(PROJECT_DIR)/Facia_Sample_Project",
					"$(PROJECT_DIR)",
				);
				GENERATE_INFOPLIST_FILE = YES;
				INFOPLIST_FILE = Facia_Sample_Project/Info.plist;
				INFOPLIST_KEY_UIApplicationSupportsIndirectInputEvents = YES;
				INFOPLIST_KEY_UILaunchStoryboardName = LaunchScreen;
				INFOPLIST_KEY_UIMainStoryboardFile = Main;
				INFOPLIST_KEY_UISupportedInterfaceOrientations_iPad = "UIInterfaceOrientationPortrait UIInterfaceOrientationPortraitUpsideDown UIInterfaceOrientationLandscapeLeft UIInterfaceOrientationLandscapeRight";
				INFOPLIST_KEY_UISupportedInterfaceOrientations_iPhone = "UIInterfaceOrientationPortrait UIInterfaceOrientationLandscapeLeft UIInterfaceOrientationLandscapeRight";
				IPHONEOS_DEPLOYMENT_TARGET = 13.0;
				LD_RUNPATH_SEARCH_PATHS = (
					"$(inherited)",
					"@executable_path/Frameworks",
				);
				MARKETING_VERSION = 1.0;
				PRODUCT_BUNDLE_IDENTIFIER = "com.facia.Facia-Sample-Project";
				PRODUCT_NAME = "$(TARGET_NAME)";
				SWIFT_EMIT_LOC_STRINGS = YES;
				SWIFT_VERSION = 5.0;
				TARGETED_DEVICE_FAMILY = "1,2";
			};
			name = Debug;
		};
		457823852AD01A33003A9914 /* Release */ = {
			isa = XCBuildConfiguration;
			baseConfigurationReference = E51A870B0BD2E07C50DA2C93 /* Pods-Facia_Sample_Project.release.xcconfig */;
			buildSettings = {
				ASSETCATALOG_COMPILER_APPICON_NAME = AppIcon;
				ASSETCATALOG_COMPILER_GLOBAL_ACCENT_COLOR_NAME = AccentColor;
				CODE_SIGN_STYLE = Automatic;
				CURRENT_PROJECT_VERSION = 1;
				DEVELOPMENT_TEAM = 36KGU46R3K;
				FRAMEWORK_SEARCH_PATHS = (
					"$(inherited)",
					"$(PROJECT_DIR)/Facia_Sample_Project",
					"$(PROJECT_DIR)",
				);
				GENERATE_INFOPLIST_FILE = YES;
				INFOPLIST_FILE = Facia_Sample_Project/Info.plist;
				INFOPLIST_KEY_UIApplicationSupportsIndirectInputEvents = YES;
				INFOPLIST_KEY_UILaunchStoryboardName = LaunchScreen;
				INFOPLIST_KEY_UIMainStoryboardFile = Main;
				INFOPLIST_KEY_UISupportedInterfaceOrientations_iPad = "UIInterfaceOrientationPortrait UIInterfaceOrientationPortraitUpsideDown UIInterfaceOrientationLandscapeLeft UIInterfaceOrientationLandscapeRight";
				INFOPLIST_KEY_UISupportedInterfaceOrientations_iPhone = "UIInterfaceOrientationPortrait UIInterfaceOrientationLandscapeLeft UIInterfaceOrientationLandscapeRight";
				IPHONEOS_DEPLOYMENT_TARGET = 13.0;
				LD_RUNPATH_SEARCH_PATHS = (
					"$(inherited)",
					"@executable_path/Frameworks",
				);
				MARKETING_VERSION = 1.0;
				PRODUCT_BUNDLE_IDENTIFIER = "com.facia.Facia-Sample-Project";
				PRODUCT_NAME = "$(TARGET_NAME)";
				SWIFT_EMIT_LOC_STRINGS = YES;
				SWIFT_VERSION = 5.0;
				TARGETED_DEVICE_FAMILY = "1,2";
			};
			name = Release;
		};
/* End XCBuildConfiguration section */

/* Begin XCConfigurationList section */
		4578236A2AD01A30003A9914 /* Build configuration list for PBXProject "Facia_Sample_Project" */ = {
			isa = XCConfigurationList;
			buildConfigurations = (
				457823812AD01A33003A9914 /* Debug */,
				457823822AD01A33003A9914 /* Release */,
			);
			defaultConfigurationIsVisible = 0;
			defaultConfigurationName = Release;
		};
		457823832AD01A33003A9914 /* Build configuration list for PBXNativeTarget "Facia_Sample_Project" */ = {
			isa = XCConfigurationList;
			buildConfigurations = (
				457823842AD01A33003A9914 /* Debug */,
				457823852AD01A33003A9914 /* Release */,
			);
			defaultConfigurationIsVisible = 0;
			defaultConfigurationName = Release;
		};
/* End XCConfigurationList section */
	};
	rootObject = 457823672AD01A30003A9914 /* Project object */;
}
